# This file is autogenerated, do not edit; changes may be undone by the next 'dep ensure'.


[[projects]]
  branch = "master"
  name = "github.com/golang/freetype"
  packages = [
    "raster",
    "truetype"
  ]
  revision = "e2365dfdc4a05e4b8299a783240d4a7d5a65d4e4"

[[projects]]
  branch = "master"
  name = "github.com/gopherjs/gopherjs"
  packages = ["js"]
  revision = "82b322028c96512b15077093b16a5f1c7ea897ac"

[[projects]]
  branch = "master"
  name = "github.com/hajimehoshi/go-mp3"
  packages = [
    ".",
    "internal/bits",
    "internal/consts",
    "internal/frame",
    "internal/frameheader",
    "internal/huffman",
    "internal/imdct",
    "internal/maindata",
    "internal/sideinfo"
  ]
  revision = "3c185f92b8dbceefa913b64cae634ba47f452769"

[[projects]]
  branch = "master"
  name = "github.com/hajimehoshi/oto"
  packages = [
    ".",
    "internal/jni"
  ]
  revision = "91b57df429ab01dd98fd4bf5f46ed87f962a071d"

[[projects]]
  branch = "master"
  name = "github.com/pankona/gomo-simra"
  packages = [
    "simra",
    "simra/config",
    "simra/fps",
    "simra/image",
    "simra/internal/peer",
    "simra/simlog"
  ]
  revision = "b3bd6c433a701f19750c727ce81cd28fa3d68612"

[[projects]]
  branch = "master"
  name = "golang.org/x/exp"
  packages = [
    "shiny/driver/gldriver",
    "shiny/driver/internal/drawer",
    "shiny/driver/internal/errscreen",
    "shiny/driver/internal/event",
    "shiny/driver/internal/lifecycler",
    "shiny/driver/internal/win32",
    "shiny/driver/internal/x11key",
    "shiny/screen"
  ]
  revision = "9673cff68816794f1cd927a1e58760e4d41c393b"

[[projects]]
  branch = "master"
  name = "golang.org/x/image"
  packages = [
    "font",
    "font/gofont/goregular",
    "math/f64",
    "math/fixed"
  ]
  revision = "f3a9b89b59def9194717c1d0bd4c0d08fa1afa7b"

[[projects]]
  branch = "master"
  name = "golang.org/x/mobile"
  packages = [
    "app",
    "app/internal/callfn",
    "asset",
    "event/key",
    "event/lifecycle",
    "event/mouse",
    "event/paint",
    "event/size",
    "event/touch",
    "exp/app/debug",
    "exp/f32",
    "exp/gl/glutil",
    "exp/sprite",
    "exp/sprite/clock",
    "exp/sprite/glsprite",
    "geom",
    "gl",
    "internal/mobileinit"
  ]
  revision = "2f2872eacd7fc12c252096592f87e9b23bd5be8b"

[[projects]]
  branch = "master"
  name = "golang.org/x/sys"
  packages = ["windows"]
  revision = "7ceb54c8418b8f9cdf0177b511d5cbb06e9fae39"

[solve-meta]
  analyzer-name = "dep"
  analyzer-version = 1
  inputs-digest = "960cd45f82342266d9e01728ce3c4b400d8a37539dbcc66fbf742c28e726e02a"
  solver-name = "gps-cdcl"
  solver-version = 1
